
Microsoft Visual Studio Solution File, Format Version 12.00
# Visual Studio Version 17
VisualStudioVersion = 17.7.34031.279
MinimumVisualStudioVersion = 10.0.40219.1
Project("{FAE04EC0-301F-11D3-BF4B-00C04F79EFBC}") = "JudgeGameV2", "JudgeGameV2.csproj", "{45EB7237-55AF-4433-BC35-6D23F5F6C933}"
EndProject
Global
	GlobalSection(SolutionConfigurationPlatforms) = preSolution
		Debug|Any CPU = Debug|Any CPU
		Release|Any CPU = Release|Any CPU
	EndGlobalSection
	GlobalSection(ProjectConfigurationPlatforms) = postSolution
		{45EB7237-55AF-4433-BC35-6D23F5F6C933}.Debug|Any CPU.ActiveCfg = Debug|Any CPU
		{45EB7237-55AF-4433-BC35-6D23F5F6C933}.Debug|Any CPU.Build.0 = Debug|Any CPU
		{45EB7237-55AF-4433-BC35-6D23F5F6C933}.Release|Any CPU.ActiveCfg = Release|Any CPU
		{45EB7237-55AF-4433-BC35-6D23F5F6C933}.Release|Any CPU.Build.0 = Release|Any CPU
	EndGlobalSection
	GlobalSection(SolutionProperties) = preSolution
		HideSolutionNode = FALSE
	EndGlobalSection
	GlobalSection(ExtensibilityGlobals) = postSolution
		SolutionGuid = {F1201593-B55C-40AA-BBB9-6995EB3EBF99}
	EndGlobalSection
EndGlobal
